# This file is automatically @generated by Poetry 1.8.2 and should not be changed by hand.

[[package]]
name = "unicards"
version = "0.6"
description = "Convert strings into unicode playing cards"
optional = false
python-versions = "*"
files = [
    {file = "unicards-0.6.tar.gz", hash = "sha256:b06f6effd7782f9541e5761afc4ee01ee7e163f9c6c04ad9b3712354f0a2cfdd"},
]

[metadata]
lock-version = "2.0"
python-versions = "^3.11"
content-hash = "bd8ce5078f3f72fec6b2846e3b62eec35d794bca810a841b2e6f7c3d6ea4f505"
